dependencies:
- name: express-helm-chart
  repository: file://../express-helm-chart
  version: 0.1.0
- name: nginx-helm-chart
  repository: file://../nginx-helm-chart
  version: 0.1.0
- name: nginx-ingress
  repository: https://helm.nginx.com/stable
  version: 0.7.1
digest: sha256:f58160d7d6993b59c40822e58378b88a0b42d49f6c29169f915dc0eeb23e5eb3
generated: "2020-12-30T02:21:42.6706653+05:30"
